
Microsoft Visual Studio Solution File, Format Version 12.00
# Visual Studio Version 16
VisualStudioVersion = 16.0.32002.261
MinimumVisualStudioVersion = 10.0.40219.1
Project("{8BC9CEB8-8B4A-11D0-8D11-00A0C91BC942}") = "filter", "filter.vcxproj", "{B39F6628-73BA-4AC3-863A-EA20892F1EFD}"
EndProject
Global
	GlobalSection(SolutionConfigurationPlatforms) = preSolution
		Debug|x64 = Debug|x64
		Debug|x86 = Debug|x86
		Release|x64 = Release|x64
		Release|x86 = Release|x86
	EndGlobalSection
	GlobalSection(ProjectConfigurationPlatforms) = postSolution
		{B39F6628-73BA-4AC3-863A-EA20892F1EFD}.Debug|x64.ActiveCfg = Debug|x64
		{B39F6628-73BA-4AC3-863A-EA20892F1EFD}.Debug|x64.Build.0 = Debug|x64
		{B39F6628-73BA-4AC3-863A-EA20892F1EFD}.Debug|x64.Deploy.0 = Debug|x64
		{B39F6628-73BA-4AC3-863A-EA20892F1EFD}.Debug|x86.ActiveCfg = Debug|Win32
		{B39F6628-73BA-4AC3-863A-EA20892F1EFD}.Debug|x86.Build.0 = Debug|Win32
		{B39F6628-73BA-4AC3-863A-EA20892F1EFD}.Debug|x86.Deploy.0 = Debug|Win32
		{B39F6628-73BA-4AC3-863A-EA20892F1EFD}.Release|x64.ActiveCfg = Release|x64
		{B39F6628-73BA-4AC3-863A-EA20892F1EFD}.Release|x64.Build.0 = Release|x64
		{B39F6628-73BA-4AC3-863A-EA20892F1EFD}.Release|x64.Deploy.0 = Release|x64
		{B39F6628-73BA-4AC3-863A-EA20892F1EFD}.Release|x86.ActiveCfg = Release|Win32
		{B39F6628-73BA-4AC3-863A-EA20892F1EFD}.Release|x86.Build.0 = Release|Win32
		{B39F6628-73BA-4AC3-863A-EA20892F1EFD}.Release|x86.Deploy.0 = Release|Win32
	EndGlobalSection
	GlobalSection(SolutionProperties) = preSolution
		HideSolutionNode = FALSE
	EndGlobalSection
	GlobalSection(ExtensibilityGlobals) = postSolution
		SolutionGuid = {831EE9A8-376F-49F1-B531-EF217792FFFD}
	EndGlobalSection
EndGlobal
